// !$*UTF8*$!
{
	archiveVersion = 1;
	classes = {
	};
	objectVersion = 46;
	objects = {

/* Begin PBXBuildFile section */
		1014AEE81A9910A800928D7A /* AppDelegate.swift in Sources */ = {isa = PBXBuildFile; fileRef = 1014AEE71A9910A800928D7A /* AppDelegate.swift */; };
		1014AEEA1A9910A800928D7A /* ViewController.swift in Sources */ = {isa = PBXBuildFile; fileRef = 1014AEE91A9910A800928D7A /* ViewController.swift */; };
		1014AEED1A9910A800928D7A /* Main.storyboard in Resources */ = {isa = PBXBuildFile; fileRef = 1014AEEB1A9910A800928D7A /* Main.storyboard */; };
		1014AEEF1A9910A800928D7A /* Images.xcassets in Resources */ = {isa = PBXBuildFile; fileRef = 1014AEEE1A9910A800928D7A /* Images.xcassets */; };
		1014AEF21A9910A800928D7A /* LaunchScreen.xib in Resources */ = {isa = PBXBuildFile; fileRef = 1014AEF01A9910A800928D7A /* LaunchScreen.xib */; };
		1014AEFE1A9910A800928D7A /* CalculatorTests.swift in Sources */ = {isa = PBXBuildFile; fileRef = 1014AEFD1A9910A800928D7A /* CalculatorTests.swift */; };
/* End PBXBuildFile section */

/* Begin PBXContainerItemProxy section */
		1014AEF81A9910A800928D7A /* PBXContainerItemProxy */ = {
			isa = PBXContainerItemProxy;
			containerPortal = 1014AEDA1A9910A800928D7A /* Project object */;
			proxyType = 1;
			remoteGlobalIDString = 1014AEE11A9910A800928D7A;
			remoteInfo = Calculator;
		};
/* End PBXContainerItemProxy section */

/* Begin PBXFileReference section */
		1014AEE21A9910A800928D7A /* Calculator.app */ = {isa = PBXFileReference; explicitFileType = wrapper.application; includeInIndex = 0; path = Calculator.app; sourceTree = BUILT_PRODUCTS_DIR; };
		1014AEE61A9910A800928D7A /* Info.plist */ = {isa = PBXFileReference; lastKnownFileType = text.plist.xml; path = Info.plist; sourceTree = "<group>"; };
		1014AEE71A9910A800928D7A /* AppDelegate.swift */ = {isa = PBXFileReference; lastKnownFileType = sourcecode.swift; path = AppDelegate.swift; sourceTree = "<group>"; };
		1014AEE91A9910A800928D7A /* ViewController.swift */ = {isa = PBXFileReference; lastKnownFileType = sourcecode.swift; path = ViewController.swift; sourceTree = "<group>"; };
		1014AEEC1A9910A800928D7A /* Base */ = {isa = PBXFileReference; lastKnownFileType = file.storyboard; name = Base; path = Base.lproj/Main.storyboard; sourceTree = "<group>"; };
		1014AEEE1A9910A800928D7A /* Images.xcassets */ = {isa = PBXFileReference; lastKnownFileType = folder.assetcatalog; path = Images.xcassets; sourceTree = "<group>"; };
		1014AEF11A9910A800928D7A /* Base */ = {isa = PBXFileReference; lastKnownFileType = file.xib; name = Base; path = Base.lproj/LaunchScreen.xib; sourceTree = "<group>"; };
		1014AEF71A9910A800928D7A /* CalculatorTests.xctest */ = {isa = PBXFileReference; explicitFileType = wrapper.cfbundle; includeInIndex = 0; path = CalculatorTests.xctest; sourceTree = BUILT_PRODUCTS_DIR; };
		1014AEFC1A9910A800928D7A /* Info.plist */ = {isa = PBXFileReference; lastKnownFileType = text.plist.xml; path = Info.plist; sourceTree = "<group>"; };
		1014AEFD1A9910A800928D7A /* CalculatorTests.swift */ = {isa = PBXFileReference; lastKnownFileType = sourcecode.swift; path = CalculatorTests.swift; sourceTree = "<group>"; };
/* End PBXFileReference section */

/* Begin PBXFrameworksBuildPhase section */
		1014AEDF1A9910A800928D7A /* Frameworks */ = {
			isa = PBXFrameworksBuildPhase;
			buildActionMask = 2147483647;
			files = (
			);
			runOnlyForDeploymentPostprocessing = 0;
		};
		1014AEF41A9910A800928D7A /* Frameworks */ = {
			isa = PBXFrameworksBuildPhase;
			buildActionMask = 2147483647;
			files = (
			);
			runOnlyForDeploymentPostprocessing = 0;
		};
/* End PBXFrameworksBuildPhase section */

/* Begin PBXGroup section */
		1014AED91A9910A800928D7A = {
			isa = PBXGroup;
			children = (
				1014AEE41A9910A800928D7A /* Calculator */,
				1014AEFA1A9910A800928D7A /* CalculatorTests */,
				1014AEE31A9910A800928D7A /* Products */,
			);
			sourceTree = "<group>";
		};
		1014AEE31A9910A800928D7A /* Products */ = {
			isa = PBXGroup;
			children = (
				1014AEE21A9910A800928D7A /* Calculator.app */,
				1014AEF71A9910A800928D7A /* CalculatorTests.xctest */,
			);
			name = Products;
			sourceTree = "<group>";
		};
		1014AEE41A9910A800928D7A /* Calculator */ = {
			isa = PBXGroup;
			children = (
				1014AEE71A9910A800928D7A /* AppDelegate.swift */,
				1014AEE91A9910A800928D7A /* ViewController.swift */,
				1014AEEB1A9910A800928D7A /* Main.storyboard */,
				1014AEEE1A9910A800928D7A /* Images.xcassets */,
				1014AEF01A9910A800928D7A /* LaunchScreen.xib */,
				1014AEE51A9910A800928D7A /* Supporting Files */,
			);
			path = Calculator;
			sourceTree = "<group>";
		};
		1014AEE51A9910A800928D7A /* Supporting Files */ = {
			isa = PBXGroup;
			children = (
				1014AEE61A9910A800928D7A /* Info.plist */,
			);
			name = "Supporting Files";
			sourceTree = "<group>";
		};
		1014AEFA1A9910A800928D7A /* CalculatorTests */ = {
			isa = PBXGroup;
			children = (
				1014AEFD1A9910A800928D7A /* CalculatorTests.swift */,
				1014AEFB1A9910A800928D7A /* Supporting Files */,
			);
			path = CalculatorTests;
			sourceTree = "<group>";
		};
		1014AEFB1A9910A800928D7A /* Supporting Files */ = {
			isa = PBXGroup;
			children = (
				1014AEFC1A9910A800928D7A /* Info.plist */,
			);
			name = "Supporting Files";
			sourceTree = "<group>";
		};
/* End PBXGroup section */

/* Begin PBXNativeTarget section */
		1014AEE11A9910A800928D7A /* Calculator */ = {
			isa = PBXNativeTarget;
			buildConfigurationList = 1014AF011A9910A800928D7A /* Build configuration list for PBXNativeTarget "Calculator" */;
			buildPhases = (
				1014AEDE1A9910A800928D7A /* Sources */,
				1014AEDF1A9910A800928D7A /* Frameworks */,
				1014AEE01A9910A800928D7A /* Resources */,
			);
			buildRules = (
			);
			dependencies = (
			);
			name = Calculator;
			productName = Calculator;
			productReference = 1014AEE21A9910A800928D7A /* Calculator.app */;
			productType = "com.apple.product-type.application";
		};
		1014AEF61A9910A800928D7A /* CalculatorTests */ = {
			isa = PBXNativeTarget;
			buildConfigurationList = 1014AF041A9910A800928D7A /* Build configuration list for PBXNativeTarget "CalculatorTests" */;
			buildPhases = (
				1014AEF31A9910A800928D7A /* Sources */,
				1014AEF41A9910A800928D7A /* Frameworks */,
				1014AEF51A9910A800928D7A /* Resources */,
			);
			buildRules = (
			);
			dependencies = (
				1014AEF91A9910A800928D7A /* PBXTargetDependency */,
			);
			name = CalculatorTests;
			productName = CalculatorTests;
			productReference = 1014AEF71A9910A800928D7A /* CalculatorTests.xctest */;
			productType = "com.apple.product-type.bundle.unit-test";
		};
/* End PBXNativeTarget section */

/* Begin PBXProject section */
		1014AEDA1A9910A800928D7A /* Project object */ = {
			isa = PBXProject;
			attributes = {
				LastUpgradeCheck = 0610;
				ORGANIZATIONNAME = sasquatch;
				TargetAttributes = {
					1014AEE11A9910A800928D7A = {
						CreatedOnToolsVersion = 6.1.1;
					};
					1014AEF61A9910A800928D7A = {
						CreatedOnToolsVersion = 6.1.1;
						TestTargetID = 1014AEE11A9910A800928D7A;
					};
				};
			};
			buildConfigurationList = 1014AEDD1A9910A800928D7A /* Build configuration list for PBXProject "Calculator" */;
			compatibilityVersion = "Xcode 3.2";
			developmentRegion = English;
			hasScannedForEncodings = 0;
			knownRegions = (
				en,
				Base,
			);
			mainGroup = 1014AED91A9910A800928D7A;
			productRefGroup = 1014AEE31A9910A800928D7A /* Products */;
			projectDirPath = "";
			projectRoot = "";
			targets = (
				1014AEE11A9910A800928D7A /* Calculator */,
				1014AEF61A9910A800928D7A /* CalculatorTests */,
			);
		};
/* End PBXProject section */

/* Begin PBXResourcesBuildPhase section */
		1014AEE01A9910A800928D7A /* Resources */ = {
			isa = PBXResourcesBuildPhase;
			buildActionMask = 2147483647;
			files = (
				1014AEED1A9910A800928D7A /* Main.storyboard in Resources */,
				1014AEF21A9910A800928D7A /* LaunchScreen.xib in Resources */,
				1014AEEF1A9910A800928D7A /* Images.xcassets in Resources */,
			);
			runOnlyForDeploymentPostprocessing = 0;
		};
		1014AEF51A9910A800928D7A /* Resources */ = {
			isa = PBXResourcesBuildPhase;
			buildActionMask = 2147483647;
			files = (
			);
			runOnlyForDeploymentPostprocessing = 0;
		};
/* End PBXResourcesBuildPhase section */

/* Begin PBXSourcesBuildPhase section */
		1014AEDE1A9910A800928D7A /* Sources */ = {
			isa = PBXSourcesBuildPhase;
			buildActionMask = 2147483647;
			files = (
				1014AEEA1A9910A800928D7A /* ViewController.swift in Sources */,
				1014AEE81A9910A800928D7A /* AppDelegate.swift in Sources */,
			);
			runOnlyForDeploymentPostprocessing = 0;
		};
		1014AEF31A9910A800928D7A /* Sources */ = {
			isa = PBXSourcesBuildPhase;
			buildActionMask = 2147483647;
			files = (
				1014AEFE1A9910A800928D7A /* CalculatorTests.swift in Sources */,
			);
			runOnlyForDeploymentPostprocessing = 0;
		};
/* End PBXSourcesBuildPhase section */

/* Begin PBXTargetDependency section */
		1014AEF91A9910A800928D7A /* PBXTargetDependency */ = {
			isa = PBXTargetDependency;
			target = 1014AEE11A9910A800928D7A /* Calculator */;
			targetProxy = 1014AEF81A9910A800928D7A /* PBXContainerItemProxy */;
		};
/* End PBXTargetDependency section */

/* Begin PBXVariantGroup section */
		1014AEEB1A9910A800928D7A /* Main.storyboard */ = {
			isa = PBXVariantGroup;
			children = (
				1014AEEC1A9910A800928D7A /* Base */,
			);
			name = Main.storyboard;
			sourceTree = "<group>";
		};
		1014AEF01A9910A800928D7A /* LaunchScreen.xib */ = {
			isa = PBXVariantGroup;
			children = (
				1014AEF11A9910A800928D7A /* Base */,
			);
			name = LaunchScreen.xib;
			sourceTree = "<group>";
		};
/* End PBXVariantGroup section */

/* Begin XCBuildConfiguration section */
		1014AEFF1A9910A800928D7A /* Debug */ = {
			isa = XCBuildConfiguration;
			buildSettings = {
				ALWAYS_SEARCH_USER_PATHS = NO;
				CLANG_CXX_LANGUAGE_STANDARD = "gnu++0x";
				CLANG_CXX_LIBRARY = "libc++";
				CLANG_ENABLE_MODULES = YES;
				CLANG_ENABLE_OBJC_ARC = YES;
				CLANG_WARN_BOOL_CONVERSION = YES;
				CLANG_WARN_CONSTANT_CONVERSION = YES;
				CLANG_WARN_DIRECT_OBJC_ISA_USAGE = YES_ERROR;
				CLANG_WARN_EMPTY_BODY = YES;
				CLANG_WARN_ENUM_CONVERSION = YES;
				CLANG_WARN_INT_CONVERSION = YES;
				CLANG_WARN_OBJC_ROOT_CLASS = YES_ERROR;
				CLANG_WARN_UNREACHABLE_CODE = YES;
				CLANG_WARN__DUPLICATE_METHOD_MATCH = YES;
				"CODE_SIGN_IDENTITY[sdk=iphoneos*]" = "iPhone Developer";
				COPY_PHASE_STRIP = NO;
				ENABLE_STRICT_OBJC_MSGSEND = YES;
				GCC_C_LANGUAGE_STANDARD = gnu99;
				GCC_DYNAMIC_NO_PIC = NO;
				GCC_OPTIMIZATION_LEVEL = 0;
				GCC_PREPROCESSOR_DEFINITIONS = (
					"DEBUG=1",
					"$(inherited)",
				);
				GCC_SYMBOLS_PRIVATE_EXTERN = NO;
				GCC_WARN_64_TO_32_BIT_CONVERSION = YES;
				GCC_WARN_ABOUT_RETURN_TYPE = YES_ERROR;
				GCC_WARN_UNDECLARED_SELECTOR = YES;
				GCC_WARN_UNINITIALIZED_AUTOS = YES_AGGRESSIVE;
				GCC_WARN_UNUSED_FUNCTION = YES;
				GCC_WARN_UNUSED_VARIABLE = YES;
				IPHONEOS_DEPLOYMENT_TARGET = 8.1;
				MTL_ENABLE_DEBUG_INFO = YES;
				ONLY_ACTIVE_ARCH = YES;
				SDKROOT = iphoneos;
				SWIFT_OPTIMIZATION_LEVEL = "-Onone";
				TARGETED_DEVICE_FAMILY = "1,2";
			};
			name = Debug;
		};
		1014AF001A9910A800928D7A /* Release */ = {
			isa = XCBuildConfiguration;
			buildSettings = {
				ALWAYS_SEARCH_USER_PATHS = NO;
				CLANG_CXX_LANGUAGE_STANDARD = "gnu++0x";
				CLANG_CXX_LIBRARY = "libc++";
				CLANG_ENABLE_MODULES = YES;
				CLANG_ENABLE_OBJC_ARC = YES;
				CLANG_WARN_BOOL_CONVERSION = YES;
				CLANG_WARN_CONSTANT_CONVERSION = YES;
				CLANG_WARN_DIRECT_OBJC_ISA_USAGE = YES_ERROR;
				CLANG_WARN_EMPTY_BODY = YES;
				CLANG_WARN_ENUM_CONVERSION = YES;
				CLANG_WARN_INT_CONVERSION = YES;
				CLANG_WARN_OBJC_ROOT_CLASS = YES_ERROR;
				CLANG_WARN_UNREACHABLE_CODE = YES;
				CLANG_WARN__DUPLICATE_METHOD_MATCH = YES;
				"CODE_SIGN_IDENTITY[sdk=iphoneos*]" = "iPhone Developer";
				COPY_PHASE_STRIP = YES;
				ENABLE_NS_ASSERTIONS = NO;
				ENABLE_STRICT_OBJC_MSGSEND = YES;
				GCC_C_LANGUAGE_STANDARD = gnu99;
				GCC_WARN_64_TO_32_BIT_CONVERSION = YES;
				GCC_WARN_ABOUT_RETURN_TYPE = YES_ERROR;
				GCC_WARN_UNDECLARED_SELECTOR = YES;
				GCC_WARN_UNINITIALIZED_AUTOS = YES_AGGRESSIVE;
				GCC_WARN_UNUSED_FUNCTION = YES;
				GCC_WARN_UNUSED_VARIABLE = YES;
				IPHONEOS_DEPLOYMENT_TARGET = 8.1;
				MTL_ENABLE_DEBUG_INFO = NO;
				SDKROOT = iphoneos;
				TARGETED_DEVICE_FAMILY = "1,2";
				VALIDATE_PRODUCT = YES;
			};
			name = Release;
		};
		1014AF021A9910A800928D7A /* Debug */ = {
			isa = XCBuildConfiguration;
			buildSettings = {
				ASSETCATALOG_COMPILER_APPICON_NAME = AppIcon;
				INFOPLIST_FILE = Calculator/Info.plist;
				LD_RUNPATH_SEARCH_PATHS = "$(inherited) @executable_path/Frameworks";
				PRODUCT_NAME = "$(TARGET_NAME)";
			};
			name = Debug;
		};
		1014AF031A9910A800928D7A /* Release */ = {
			isa = XCBuildConfiguration;
			buildSettings = {
				ASSETCATALOG_COMPILER_APPICON_NAME = AppIcon;
				INFOPLIST_FILE = Calculator/Info.plist;
				LD_RUNPATH_SEARCH_PATHS = "$(inherited) @executable_path/Frameworks";
				PRODUCT_NAME = "$(TARGET_NAME)";
			};
			name = Release;
		};
		1014AF051A9910A800928D7A /* Debug */ = {
			isa = XCBuildConfiguration;
			buildSettings = {
				BUNDLE_LOADER = "$(TEST_HOST)";
				FRAMEWORK_SEARCH_PATHS = (
					"$(SDKROOT)/Developer/Library/Frameworks",
					"$(inherited)",
				);
				GCC_PREPROCESSOR_DEFINITIONS = (
					"DEBUG=1",
					"$(inherited)",
				);
				INFOPLIST_FILE = CalculatorTests/Info.plist;
				LD_RUNPATH_SEARCH_PATHS = "$(inherited) @executable_path/Frameworks @loader_path/Frameworks";
				PRODUCT_NAME = "$(TARGET_NAME)";
				TEST_HOST = "$(BUILT_PRODUCTS_DIR)/Calculator.app/Calculator";
			};
			name = Debug;
		};
		1014AF061A9910A800928D7A /* Release */ = {
			isa = XCBuildConfiguration;
			buildSettings = {
				BUNDLE_LOADER = "$(TEST_HOST)";
				FRAMEWORK_SEARCH_PATHS = (
					"$(SDKROOT)/Developer/Library/Frameworks",
					"$(inherited)",
				);
				INFOPLIST_FILE = CalculatorTests/Info.plist;
				LD_RUNPATH_SEARCH_PATHS = "$(inherited) @executable_path/Frameworks @loader_path/Frameworks";
				PRODUCT_NAME = "$(TARGET_NAME)";
				TEST_HOST = "$(BUILT_PRODUCTS_DIR)/Calculator.app/Calculator";
			};
			name = Release;
		};
/* End XCBuildConfiguration section */

/* Begin XCConfigurationList section */
		1014AEDD1A9910A800928D7A /* Build configuration list for PBXProject "Calculator" */ = {
			isa = XCConfigurationList;
			buildConfigurations = (
				1014AEFF1A9910A800928D7A /* Debug */,
				1014AF001A9910A800928D7A /* Release */,
			);
			defaultConfigurationIsVisible = 0;
			defaultConfigurationName = Release;
		};
		1014AF011A9910A800928D7A /* Build configuration list for PBXNativeTarget "Calculator" */ = {
			isa = XCConfigurationList;
			buildConfigurations = (
				1014AF021A9910A800928D7A /* Debug */,
				1014AF031A9910A800928D7A /* Release */,
			);
			defaultConfigurationIsVisible = 0;
		};
		1014AF041A9910A800928D7A /* Build configuration list for PBXNativeTarget "CalculatorTests" */ = {
			isa = XCConfigurationList;
			buildConfigurations = (
				1014AF051A9910A800928D7A /* Debug */,
				1014AF061A9910A800928D7A /* Release */,
			);
			defaultConfigurationIsVisible = 0;
		};
/* End XCConfigurationList section */
	};
	rootObject = 1014AEDA1A9910A800928D7A /* Project object */;
}
